
Microsoft Visual Studio Solution File, Format Version 12.00
# Visual Studio Version 16
VisualStudioVersion = 16.0.30907.101
MinimumVisualStudioVersion = 10.0.40219.1
Project("{888888A0-9F3D-457C-B088-3A5042F75D52}") = "sproba2_laba2_py", "sproba2_laba2_py\sproba2_laba2_py.pyproj", "{C1649E5F-F748-4823-B09F-20DB47916024}"
EndProject
Global
	GlobalSection(SolutionConfigurationPlatforms) = preSolution
		Debug|Any CPU = Debug|Any CPU
		Release|Any CPU = Release|Any CPU
	EndGlobalSection
	GlobalSection(ProjectConfigurationPlatforms) = postSolution
		{C1649E5F-F748-4823-B09F-20DB47916024}.Debug|Any CPU.ActiveCfg = Debug|Any CPU
		{C1649E5F-F748-4823-B09F-20DB47916024}.Release|Any CPU.ActiveCfg = Release|Any CPU
	EndGlobalSection
	GlobalSection(SolutionProperties) = preSolution
		HideSolutionNode = FALSE
	EndGlobalSection
	GlobalSection(ExtensibilityGlobals) = postSolution
		SolutionGuid = {1281C095-3428-44D7-AA55-18780BFB3819}
	EndGlobalSection
EndGlobal
